
Microsoft Visual Studio Solution File, Format Version 12.00
# Visual Studio Version 16
VisualStudioVersion = 16.0.30503.244
MinimumVisualStudioVersion = 10.0.40219.1
Project("{FAE04EC0-301F-11D3-BF4B-00C04F79EFBC}") = "Unit5_student_club_MVC", "Unit5_student_club_MVC\Unit5_student_club_MVC.csproj", "{7CA84507-AB09-4676-BE30-5BDDB0556F2D}"
EndProject
Global
	GlobalSection(SolutionConfigurationPlatforms) = preSolution
		Debug|Any CPU = Debug|Any CPU
		Release|Any CPU = Release|Any CPU
	EndGlobalSection
	GlobalSection(ProjectConfigurationPlatforms) = postSolution
		{7CA84507-AB09-4676-BE30-5BDDB0556F2D}.Debug|Any CPU.ActiveCfg = Debug|Any CPU
		{7CA84507-AB09-4676-BE30-5BDDB0556F2D}.Debug|Any CPU.Build.0 = Debug|Any CPU
		{7CA84507-AB09-4676-BE30-5BDDB0556F2D}.Release|Any CPU.ActiveCfg = Release|Any CPU
		{7CA84507-AB09-4676-BE30-5BDDB0556F2D}.Release|Any CPU.Build.0 = Release|Any CPU
	EndGlobalSection
	GlobalSection(SolutionProperties) = preSolution
		HideSolutionNode = FALSE
	EndGlobalSection
	GlobalSection(ExtensibilityGlobals) = postSolution
		SolutionGuid = {AE13150B-0083-411E-BD66-6FEB5493A21A}
	EndGlobalSection
EndGlobal
